
Microsoft Visual Studio Solution File, Format Version 10.00
# Visual C++ Express 2008
Project("{8BC9CEB8-8B4A-11D0-8D11-00A0C91BC942}") = "Plugin_Spacescape", "SpacescapePlugin\scripts\Plugin_Spacescape.vcproj", "{55DAF6D9-D1C1-4798-A868-7654916D7ADC}"
EndProject
Project("{8BC9CEB8-8B4A-11D0-8D11-00A0C91BC942}") = "Spacescape", "Spacescape\scripts\Spacescape.vcproj", "{B79D94CD-6D3D-4A8A-A1CC-E60266706B46}"
	ProjectSection(ProjectDependencies) = postProject
		{55DAF6D9-D1C1-4798-A868-7654916D7ADC} = {55DAF6D9-D1C1-4798-A868-7654916D7ADC}
	EndProjectSection
EndProject
Global
	GlobalSection(SolutionConfigurationPlatforms) = preSolution
		Debug|Win32 = Debug|Win32
		Release|Win32 = Release|Win32
	EndGlobalSection
	GlobalSection(ProjectConfigurationPlatforms) = postSolution
		{55DAF6D9-D1C1-4798-A868-7654916D7ADC}.Debug|Win32.ActiveCfg = Debug|Win32
		{55DAF6D9-D1C1-4798-A868-7654916D7ADC}.Debug|Win32.Build.0 = Debug|Win32
		{55DAF6D9-D1C1-4798-A868-7654916D7ADC}.Release|Win32.ActiveCfg = Release|Win32
		{55DAF6D9-D1C1-4798-A868-7654916D7ADC}.Release|Win32.Build.0 = Release|Win32
		{B79D94CD-6D3D-4A8A-A1CC-E60266706B46}.Debug|Win32.ActiveCfg = Debug|Win32
		{B79D94CD-6D3D-4A8A-A1CC-E60266706B46}.Debug|Win32.Build.0 = Debug|Win32
		{B79D94CD-6D3D-4A8A-A1CC-E60266706B46}.Release|Win32.ActiveCfg = Release|Win32
		{B79D94CD-6D3D-4A8A-A1CC-E60266706B46}.Release|Win32.Build.0 = Release|Win32
	EndGlobalSection
	GlobalSection(SolutionProperties) = preSolution
		HideSolutionNode = FALSE
	EndGlobalSection
EndGlobal
